// !$*UTF8*$!
{
	archiveVersion = 1;
	classes = {
	};
	objectVersion = 55;
	objects = {

/* Begin PBXBuildFile section */
		CF2AEE292797C04D00653669 /* LoginViewController.swift in Sources */ = {isa = PBXBuildFile; fileRef = CF2AEE282797C04D00653669 /* LoginViewController.swift */; };
		CF2AEE2C2799095B00653669 /* PKHUD in Frameworks */ = {isa = PBXBuildFile; productRef = CF2AEE2B2799095B00653669 /* PKHUD */; };
		CF2AEE312799142700653669 /* User.swift in Sources */ = {isa = PBXBuildFile; fileRef = CF2AEE302799142700653669 /* User.swift */; };
		CF2AEE33279915CD00653669 /* UserService.swift in Sources */ = {isa = PBXBuildFile; fileRef = CF2AEE32279915CD00653669 /* UserService.swift */; };
		CF8634F8276DC9AD005AFB04 /* AppDelegate.swift in Sources */ = {isa = PBXBuildFile; fileRef = CF8634F7276DC9AD005AFB04 /* AppDelegate.swift */; };
		CF8634FA276DC9AD005AFB04 /* SceneDelegate.swift in Sources */ = {isa = PBXBuildFile; fileRef = CF8634F9276DC9AD005AFB04 /* SceneDelegate.swift */; };
		CF8634FC276DC9AD005AFB04 /* HomeViewController.swift in Sources */ = {isa = PBXBuildFile; fileRef = CF8634FB276DC9AD005AFB04 /* HomeViewController.swift */; };
		CF863501276DC9AF005AFB04 /* Assets.xcassets in Resources */ = {isa = PBXBuildFile; fileRef = CF863500276DC9AF005AFB04 /* Assets.xcassets */; };
		CF863504276DC9AF005AFB04 /* LaunchScreen.storyboard in Resources */ = {isa = PBXBuildFile; fileRef = CF863502276DC9AF005AFB04 /* LaunchScreen.storyboard */; };
		CF86350F276DD2D6005AFB04 /* UIImage-Extension.swift in Sources */ = {isa = PBXBuildFile; fileRef = CF86350E276DD2D6005AFB04 /* UIImage-Extension.swift */; };
		CF863511276DD336005AFB04 /* BottomControlView.swift in Sources */ = {isa = PBXBuildFile; fileRef = CF863510276DD336005AFB04 /* BottomControlView.swift */; };
		CF863513276F80FA005AFB04 /* TopControlView.swift in Sources */ = {isa = PBXBuildFile; fileRef = CF863512276F80FA005AFB04 /* TopControlView.swift */; };
		CF863516276F8136005AFB04 /* RxCocoa in Frameworks */ = {isa = PBXBuildFile; productRef = CF863515276F8136005AFB04 /* RxCocoa */; };
		CF863518276F8136005AFB04 /* RxRelay in Frameworks */ = {isa = PBXBuildFile; productRef = CF863517276F8136005AFB04 /* RxRelay */; };
		CF86351A276F8136005AFB04 /* RxSwift in Frameworks */ = {isa = PBXBuildFile; productRef = CF863519276F8136005AFB04 /* RxSwift */; };
		CF86351C2770333F005AFB04 /* UIView-Extension.swift in Sources */ = {isa = PBXBuildFile; fileRef = CF86351B2770333F005AFB04 /* UIView-Extension.swift */; };
		CFBA7826278716CD00E1687E /* FirebaseAnalytics in Frameworks */ = {isa = PBXBuildFile; productRef = CFBA7825278716CD00E1687E /* FirebaseAnalytics */; };
		CFBA7828278716CD00E1687E /* FirebaseAuth in Frameworks */ = {isa = PBXBuildFile; productRef = CFBA7827278716CD00E1687E /* FirebaseAuth */; };
		CFBA782A278716CD00E1687E /* FirebaseFirestore in Frameworks */ = {isa = PBXBuildFile; productRef = CFBA7829278716CD00E1687E /* FirebaseFirestore */; };
		CFBA782C278716CD00E1687E /* FirebaseStorage in Frameworks */ = {isa = PBXBuildFile; productRef = CFBA782B278716CD00E1687E /* FirebaseStorage */; };
		CFBA782E2787173700E1687E /* RegisterButton.swift in Sources */ = {isa = PBXBuildFile; fileRef = CFBA782D2787173700E1687E /* RegisterButton.swift */; };
		CFBA78302787175100E1687E /* RegisterTitleLabel.swift in Sources */ = {isa = PBXBuildFile; fileRef = CFBA782F2787175100E1687E /* RegisterTitleLabel.swift */; };
		CFBA7862278ACD7A00E1687E /* Constants.swift in Sources */ = {isa = PBXBuildFile; fileRef = CFBA7861278ACD7A00E1687E /* Constants.swift */; };
		CFBA7866278ACE2500E1687E /* AuthService.swift in Sources */ = {isa = PBXBuildFile; fileRef = CFBA7865278ACE2500E1687E /* AuthService.swift */; };
		CFBA7869278AD4DE00E1687E /* RegiserViewModel.swift in Sources */ = {isa = PBXBuildFile; fileRef = CFBA7868278AD4DE00E1687E /* RegiserViewModel.swift */; };
		CFCCB4BC279FFEA4005B8FD2 /* ProfileViewController.swift in Sources */ = {isa = PBXBuildFile; fileRef = CFCCB4BB279FFEA4005B8FD2 /* ProfileViewController.swift */; };
		CFCCB4BF27A0062D005B8FD2 /* ProfileImageVIew.swift in Sources */ = {isa = PBXBuildFile; fileRef = CFCCB4BE27A0062D005B8FD2 /* ProfileImageVIew.swift */; };
		CFCCB4C127A0071B005B8FD2 /* ProfileLabel.swift in Sources */ = {isa = PBXBuildFile; fileRef = CFCCB4C027A0071B005B8FD2 /* ProfileLabel.swift */; };
		CFF1EA2727719698000A77DD /* CardView.swift in Sources */ = {isa = PBXBuildFile; fileRef = CFF1EA2627719698000A77DD /* CardView.swift */; };
		CFF1EA292771A8BD000A77DD /* UIColor-Extension.swift in Sources */ = {isa = PBXBuildFile; fileRef = CFF1EA282771A8BD000A77DD /* UIColor-Extension.swift */; };
		CFF1EA2B2774DD1F000A77DD /* CardInfoLabel.swift in Sources */ = {isa = PBXBuildFile; fileRef = CFF1EA2A2774DD1F000A77DD /* CardInfoLabel.swift */; };
		CFF1EA2D2774E311000A77DD /* UIButton-Extension.swift in Sources */ = {isa = PBXBuildFile; fileRef = CFF1EA2C2774E311000A77DD /* UIButton-Extension.swift */; };
		CFF1EA2F2774E396000A77DD /* CardImageView.swift in Sources */ = {isa = PBXBuildFile; fileRef = CFF1EA2E2774E396000A77DD /* CardImageView.swift */; };
		CFF1EA3E27759FC0000A77DD /* GoogleService-Info.plist in Resources */ = {isa = PBXBuildFile; fileRef = CFF1EA3D27759FC0000A77DD /* GoogleService-Info.plist */; };
		CFF1EA4B2775A33F000A77DD /* RegisterViewController.swift in Sources */ = {isa = PBXBuildFile; fileRef = CFF1EA4A2775A33F000A77DD /* RegisterViewController.swift */; };
		CFF1EA4E2775A3A4000A77DD /* RegisterTextField.swift in Sources */ = {isa = PBXBuildFile; fileRef = CFF1EA4D2775A3A4000A77DD /* RegisterTextField.swift */; };
/* End PBXBuildFile section */

/* Begin PBXFileReference section */
		CF2AEE282797C04D00653669 /* LoginViewController.swift */ = {isa = PBXFileReference; lastKnownFileType = sourcecode.swift; path = LoginViewController.swift; sourceTree = "<group>"; };
		CF2AEE302799142700653669 /* User.swift */ = {isa = PBXFileReference; lastKnownFileType = sourcecode.swift; path = User.swift; sourceTree = "<group>"; };
		CF2AEE32279915CD00653669 /* UserService.swift */ = {isa = PBXFileReference; lastKnownFileType = sourcecode.swift; path = UserService.swift; sourceTree = "<group>"; };
		CF8634F4276DC9AD005AFB04 /* MVVM+RxSwift.app */ = {isa = PBXFileReference; explicitFileType = wrapper.application; includeInIndex = 0; path = "MVVM+RxSwift.app"; sourceTree = BUILT_PRODUCTS_DIR; };
		CF8634F7276DC9AD005AFB04 /* AppDelegate.swift */ = {isa = PBXFileReference; lastKnownFileType = sourcecode.swift; path = AppDelegate.swift; sourceTree = "<group>"; };
		CF8634F9276DC9AD005AFB04 /* SceneDelegate.swift */ = {isa = PBXFileReference; lastKnownFileType = sourcecode.swift; path = SceneDelegate.swift; sourceTree = "<group>"; };
		CF8634FB276DC9AD005AFB04 /* HomeViewController.swift */ = {isa = PBXFileReference; lastKnownFileType = sourcecode.swift; path = HomeViewController.swift; sourceTree = "<group>"; };
		CF863500276DC9AF005AFB04 /* Assets.xcassets */ = {isa = PBXFileReference; lastKnownFileType = folder.assetcatalog; path = Assets.xcassets; sourceTree = "<group>"; };
		CF863503276DC9AF005AFB04 /* Base */ = {isa = PBXFileReference; lastKnownFileType = file.storyboard; name = Base; path = Base.lproj/LaunchScreen.storyboard; sourceTree = "<group>"; };
		CF863505276DC9AF005AFB04 /* Info.plist */ = {isa = PBXFileReference; lastKnownFileType = text.plist.xml; path = Info.plist; sourceTree = "<group>"; };
		CF86350E276DD2D6005AFB04 /* UIImage-Extension.swift */ = {isa = PBXFileReference; lastKnownFileType = sourcecode.swift; path = "UIImage-Extension.swift"; sourceTree = "<group>"; };
		CF863510276DD336005AFB04 /* BottomControlView.swift */ = {isa = PBXFileReference; lastKnownFileType = sourcecode.swift; path = BottomControlView.swift; sourceTree = "<group>"; };
		CF863512276F80FA005AFB04 /* TopControlView.swift */ = {isa = PBXFileReference; lastKnownFileType = sourcecode.swift; path = TopControlView.swift; sourceTree = "<group>"; };
		CF86351B2770333F005AFB04 /* UIView-Extension.swift */ = {isa = PBXFileReference; lastKnownFileType = sourcecode.swift; path = "UIView-Extension.swift"; sourceTree = "<group>"; };
		CFBA782D2787173700E1687E /* RegisterButton.swift */ = {isa = PBXFileReference; lastKnownFileType = sourcecode.swift; path = RegisterButton.swift; sourceTree = "<group>"; };
		CFBA782F2787175100E1687E /* RegisterTitleLabel.swift */ = {isa = PBXFileReference; lastKnownFileType = sourcecode.swift; path = RegisterTitleLabel.swift; sourceTree = "<group>"; };
		CFBA7861278ACD7A00E1687E /* Constants.swift */ = {isa = PBXFileReference; lastKnownFileType = sourcecode.swift; path = Constants.swift; sourceTree = "<group>"; };
		CFBA7865278ACE2500E1687E /* AuthService.swift */ = {isa = PBXFileReference; lastKnownFileType = sourcecode.swift; path = AuthService.swift; sourceTree = "<group>"; };
		CFBA7868278AD4DE00E1687E /* RegiserViewModel.swift */ = {isa = PBXFileReference; lastKnownFileType = sourcecode.swift; path = RegiserViewModel.swift; sourceTree = "<group>"; };
		CFCCB4BB279FFEA4005B8FD2 /* ProfileViewController.swift */ = {isa = PBXFileReference; lastKnownFileType = sourcecode.swift; path = ProfileViewController.swift; sourceTree = "<group>"; };
		CFCCB4BE27A0062D005B8FD2 /* ProfileImageVIew.swift */ = {isa = PBXFileReference; lastKnownFileType = sourcecode.swift; path = ProfileImageVIew.swift; sourceTree = "<group>"; };
		CFCCB4C027A0071B005B8FD2 /* ProfileLabel.swift */ = {isa = PBXFileReference; lastKnownFileType = sourcecode.swift; path = ProfileLabel.swift; sourceTree = "<group>"; };
		CFF1EA2627719698000A77DD /* CardView.swift */ = {isa = PBXFileReference; lastKnownFileType = sourcecode.swift; path = CardView.swift; sourceTree = "<group>"; };
		CFF1EA282771A8BD000A77DD /* UIColor-Extension.swift */ = {isa = PBXFileReference; fileEncoding = 4; lastKnownFileType = sourcecode.swift; path = "UIColor-Extension.swift"; sourceTree = "<group>"; };
		CFF1EA2A2774DD1F000A77DD /* CardInfoLabel.swift */ = {isa = PBXFileReference; lastKnownFileType = sourcecode.swift; path = CardInfoLabel.swift; sourceTree = "<group>"; };
		CFF1EA2C2774E311000A77DD /* UIButton-Extension.swift */ = {isa = PBXFileReference; lastKnownFileType = sourcecode.swift; path = "UIButton-Extension.swift"; sourceTree = "<group>"; };
		CFF1EA2E2774E396000A77DD /* CardImageView.swift */ = {isa = PBXFileReference; lastKnownFileType = sourcecode.swift; path = CardImageView.swift; sourceTree = "<group>"; };
		CFF1EA3D27759FC0000A77DD /* GoogleService-Info.plist */ = {isa = PBXFileReference; fileEncoding = 4; lastKnownFileType = text.plist.xml; path = "GoogleService-Info.plist"; sourceTree = "<group>"; };
		CFF1EA4A2775A33F000A77DD /* RegisterViewController.swift */ = {isa = PBXFileReference; lastKnownFileType = sourcecode.swift; path = RegisterViewController.swift; sourceTree = "<group>"; };
		CFF1EA4D2775A3A4000A77DD /* RegisterTextField.swift */ = {isa = PBXFileReference; lastKnownFileType = sourcecode.swift; path = RegisterTextField.swift; sourceTree = "<group>"; };
/* End PBXFileReference section */

/* Begin PBXFrameworksBuildPhase section */
		CF8634F1276DC9AD005AFB04 /* Frameworks */ = {
			isa = PBXFrameworksBuildPhase;
			buildActionMask = 2147483647;
			files = (
				CF86351A276F8136005AFB04 /* RxSwift in Frameworks */,
				CF2AEE2C2799095B00653669 /* PKHUD in Frameworks */,
				CFBA7828278716CD00E1687E /* FirebaseAuth in Frameworks */,
				CF863518276F8136005AFB04 /* RxRelay in Frameworks */,
				CFBA7826278716CD00E1687E /* FirebaseAnalytics in Frameworks */,
				CFBA782C278716CD00E1687E /* FirebaseStorage in Frameworks */,
				CF863516276F8136005AFB04 /* RxCocoa in Frameworks */,
				CFBA782A278716CD00E1687E /* FirebaseFirestore in Frameworks */,
			);
			runOnlyForDeploymentPostprocessing = 0;
		};
/* End PBXFrameworksBuildPhase section */

/* Begin PBXGroup section */
		CF2AEE2F2799140D00653669 /* Models */ = {
			isa = PBXGroup;
			children = (
				CF2AEE302799142700653669 /* User.swift */,
			);
			path = Models;
			sourceTree = "<group>";
		};
		CF8634EB276DC9AD005AFB04 = {
			isa = PBXGroup;
			children = (
				CF8634F6276DC9AD005AFB04 /* MVVM+RxSwift */,
				CF8634F5276DC9AD005AFB04 /* Products */,
			);
			sourceTree = "<group>";
		};
		CF8634F5276DC9AD005AFB04 /* Products */ = {
			isa = PBXGroup;
			children = (
				CF8634F4276DC9AD005AFB04 /* MVVM+RxSwift.app */,
			);
			name = Products;
			sourceTree = "<group>";
		};
		CF8634F6276DC9AD005AFB04 /* MVVM+RxSwift */ = {
			isa = PBXGroup;
			children = (
				CF2AEE2F2799140D00653669 /* Models */,
				CFBA7864278ACE0F00E1687E /* API */,
				CFBA7860278ACD2900E1687E /* Unit */,
				CFF1EA3D27759FC0000A77DD /* GoogleService-Info.plist */,
				CF86350D276DD1B4005AFB04 /* Extensions */,
				CFBA7867278AD48000E1687E /* ViewModel */,
				CF86350B276DD17E005AFB04 /* Views */,
				CF86350C276DD194005AFB04 /* ViewControllers */,
				CF8634F7276DC9AD005AFB04 /* AppDelegate.swift */,
				CF8634F9276DC9AD005AFB04 /* SceneDelegate.swift */,
				CF863500276DC9AF005AFB04 /* Assets.xcassets */,
				CF863502276DC9AF005AFB04 /* LaunchScreen.storyboard */,
				CF863505276DC9AF005AFB04 /* Info.plist */,
			);
			path = "MVVM+RxSwift";
			sourceTree = "<group>";
		};
		CF86350B276DD17E005AFB04 /* Views */ = {
			isa = PBXGroup;
			children = (
				CFCCB4BD27A00609005B8FD2 /* Profile */,
				CFF1EA492775A2F1000A77DD /* Register */,
				CFF1EA482775A2B6000A77DD /* Home */,
			);
			path = Views;
			sourceTree = "<group>";
		};
		CF86350C276DD194005AFB04 /* ViewControllers */ = {
			isa = PBXGroup;
			children = (
				CF8634FB276DC9AD005AFB04 /* HomeViewController.swift */,
				CFF1EA4A2775A33F000A77DD /* RegisterViewController.swift */,
				CF2AEE282797C04D00653669 /* LoginViewController.swift */,
				CFCCB4BB279FFEA4005B8FD2 /* ProfileViewController.swift */,
			);
			path = ViewControllers;
			sourceTree = "<group>";
		};
		CF86350D276DD1B4005AFB04 /* Extensions */ = {
			isa = PBXGroup;
			children = (
				CFF1EA282771A8BD000A77DD /* UIColor-Extension.swift */,
				CF86350E276DD2D6005AFB04 /* UIImage-Extension.swift */,
				CF86351B2770333F005AFB04 /* UIView-Extension.swift */,
				CFF1EA2C2774E311000A77DD /* UIButton-Extension.swift */,
			);
			path = Extensions;
			sourceTree = "<group>";
		};
		CFBA7860278ACD2900E1687E /* Unit */ = {
			isa = PBXGroup;
			children = (
				CFBA7861278ACD7A00E1687E /* Constants.swift */,
			);
			path = Unit;
			sourceTree = "<group>";
		};
		CFBA7864278ACE0F00E1687E /* API */ = {
			isa = PBXGroup;
			children = (
				CFBA7865278ACE2500E1687E /* AuthService.swift */,
				CF2AEE32279915CD00653669 /* UserService.swift */,
			);
			path = API;
			sourceTree = "<group>";
		};
		CFBA7867278AD48000E1687E /* ViewModel */ = {
			isa = PBXGroup;
			children = (
				CFBA7868278AD4DE00E1687E /* RegiserViewModel.swift */,
			);
			path = ViewModel;
			sourceTree = "<group>";
		};
		CFCCB4BD27A00609005B8FD2 /* Profile */ = {
			isa = PBXGroup;
			children = (
				CFCCB4BE27A0062D005B8FD2 /* ProfileImageVIew.swift */,
				CFCCB4C027A0071B005B8FD2 /* ProfileLabel.swift */,
			);
			path = Profile;
			sourceTree = "<group>";
		};
		CFF1EA482775A2B6000A77DD /* Home */ = {
			isa = PBXGroup;
			children = (
				CF863512276F80FA005AFB04 /* TopControlView.swift */,
				CFF1EA2627719698000A77DD /* CardView.swift */,
				CF863510276DD336005AFB04 /* BottomControlView.swift */,
				CFF1EA2A2774DD1F000A77DD /* CardInfoLabel.swift */,
				CFF1EA2E2774E396000A77DD /* CardImageView.swift */,
			);
			path = Home;
			sourceTree = "<group>";
		};
		CFF1EA492775A2F1000A77DD /* Register */ = {
			isa = PBXGroup;
			children = (
				CFF1EA4D2775A3A4000A77DD /* RegisterTextField.swift */,
				CFBA782D2787173700E1687E /* RegisterButton.swift */,
				CFBA782F2787175100E1687E /* RegisterTitleLabel.swift */,
			);
			path = Register;
			sourceTree = "<group>";
		};
/* End PBXGroup section */

/* Begin PBXNativeTarget section */
		CF8634F3276DC9AD005AFB04 /* MVVM+RxSwift */ = {
			isa = PBXNativeTarget;
			buildConfigurationList = CF863508276DC9AF005AFB04 /* Build configuration list for PBXNativeTarget "MVVM+RxSwift" */;
			buildPhases = (
				CF8634F0276DC9AD005AFB04 /* Sources */,
				CF8634F1276DC9AD005AFB04 /* Frameworks */,
				CF8634F2276DC9AD005AFB04 /* Resources */,
			);
			buildRules = (
			);
			dependencies = (
			);
			name = "MVVM+RxSwift";
			packageProductDependencies = (
				CF863515276F8136005AFB04 /* RxCocoa */,
				CF863517276F8136005AFB04 /* RxRelay */,
				CF863519276F8136005AFB04 /* RxSwift */,
				CFBA7825278716CD00E1687E /* FirebaseAnalytics */,
				CFBA7827278716CD00E1687E /* FirebaseAuth */,
				CFBA7829278716CD00E1687E /* FirebaseFirestore */,
				CFBA782B278716CD00E1687E /* FirebaseStorage */,
				CF2AEE2B2799095B00653669 /* PKHUD */,
			);
			productName = "MVVM+RxSwift";
			productReference = CF8634F4276DC9AD005AFB04 /* MVVM+RxSwift.app */;
			productType = "com.apple.product-type.application";
		};
/* End PBXNativeTarget section */

/* Begin PBXProject section */
		CF8634EC276DC9AD005AFB04 /* Project object */ = {
			isa = PBXProject;
			attributes = {
				BuildIndependentTargetsInParallel = 1;
				LastSwiftUpdateCheck = 1310;
				LastUpgradeCheck = 1310;
				TargetAttributes = {
					CF8634F3276DC9AD005AFB04 = {
						CreatedOnToolsVersion = 13.1;
					};
				};
			};
			buildConfigurationList = CF8634EF276DC9AD005AFB04 /* Build configuration list for PBXProject "MVVM+RxSwift" */;
			compatibilityVersion = "Xcode 13.0";
			developmentRegion = en;
			hasScannedForEncodings = 0;
			knownRegions = (
				en,
				Base,
			);
			mainGroup = CF8634EB276DC9AD005AFB04;
			packageReferences = (
				CF863514276F8136005AFB04 /* XCRemoteSwiftPackageReference "RxSwift" */,
				CFBA7824278716CD00E1687E /* XCRemoteSwiftPackageReference "firebase-ios-sdk" */,
				CF2AEE2A2799095A00653669 /* XCRemoteSwiftPackageReference "PKHUD" */,
			);
			productRefGroup = CF8634F5276DC9AD005AFB04 /* Products */;
			projectDirPath = "";
			projectRoot = "";
			targets = (
				CF8634F3276DC9AD005AFB04 /* MVVM+RxSwift */,
			);
		};
/* End PBXProject section */

/* Begin PBXResourcesBuildPhase section */
		CF8634F2276DC9AD005AFB04 /* Resources */ = {
			isa = PBXResourcesBuildPhase;
			buildActionMask = 2147483647;
			files = (
				CF863504276DC9AF005AFB04 /* LaunchScreen.storyboard in Resources */,
				CFF1EA3E27759FC0000A77DD /* GoogleService-Info.plist in Resources */,
				CF863501276DC9AF005AFB04 /* Assets.xcassets in Resources */,
			);
			runOnlyForDeploymentPostprocessing = 0;
		};
/* End PBXResourcesBuildPhase section */

/* Begin PBXSourcesBuildPhase section */
		CF8634F0276DC9AD005AFB04 /* Sources */ = {
			isa = PBXSourcesBuildPhase;
			buildActionMask = 2147483647;
			files = (
				CF863513276F80FA005AFB04 /* TopControlView.swift in Sources */,
				CFBA7862278ACD7A00E1687E /* Constants.swift in Sources */,
				CFBA7869278AD4DE00E1687E /* RegiserViewModel.swift in Sources */,
				CF863511276DD336005AFB04 /* BottomControlView.swift in Sources */,
				CFBA7866278ACE2500E1687E /* AuthService.swift in Sources */,
				CFF1EA2B2774DD1F000A77DD /* CardInfoLabel.swift in Sources */,
				CF2AEE33279915CD00653669 /* UserService.swift in Sources */,
				CF8634FC276DC9AD005AFB04 /* HomeViewController.swift in Sources */,
				CFCCB4BF27A0062D005B8FD2 /* ProfileImageVIew.swift in Sources */,
				CF86351C2770333F005AFB04 /* UIView-Extension.swift in Sources */,
				CF2AEE292797C04D00653669 /* LoginViewController.swift in Sources */,
				CFF1EA292771A8BD000A77DD /* UIColor-Extension.swift in Sources */,
				CF86350F276DD2D6005AFB04 /* UIImage-Extension.swift in Sources */,
				CF8634F8276DC9AD005AFB04 /* AppDelegate.swift in Sources */,
				CFF1EA2727719698000A77DD /* CardView.swift in Sources */,
				CFBA782E2787173700E1687E /* RegisterButton.swift in Sources */,
				CFCCB4BC279FFEA4005B8FD2 /* ProfileViewController.swift in Sources */,
				CFBA78302787175100E1687E /* RegisterTitleLabel.swift in Sources */,
				CF8634FA276DC9AD005AFB04 /* SceneDelegate.swift in Sources */,
				CFF1EA4E2775A3A4000A77DD /* RegisterTextField.swift in Sources */,
				CFF1EA4B2775A33F000A77DD /* RegisterViewController.swift in Sources */,
				CFF1EA2F2774E396000A77DD /* CardImageView.swift in Sources */,
				CFCCB4C127A0071B005B8FD2 /* ProfileLabel.swift in Sources */,
				CFF1EA2D2774E311000A77DD /* UIButton-Extension.swift in Sources */,
				CF2AEE312799142700653669 /* User.swift in Sources */,
			);
			runOnlyForDeploymentPostprocessing = 0;
		};
/* End PBXSourcesBuildPhase section */

/* Begin PBXVariantGroup section */
		CF863502276DC9AF005AFB04 /* LaunchScreen.storyboard */ = {
			isa = PBXVariantGroup;
			children = (
				CF863503276DC9AF005AFB04 /* Base */,
			);
			name = LaunchScreen.storyboard;
			sourceTree = "<group>";
		};
/* End PBXVariantGroup section */

/* Begin XCBuildConfiguration section */
		CF863506276DC9AF005AFB04 /* Debug */ = {
			isa = XCBuildConfiguration;
			buildSettings = {
				ALWAYS_SEARCH_USER_PATHS = NO;
				CLANG_ANALYZER_NONNULL = YES;
				CLANG_ANALYZER_NUMBER_OBJECT_CONVERSION = YES_AGGRESSIVE;
				CLANG_CXX_LANGUAGE_STANDARD = "gnu++17";
				CLANG_CXX_LIBRARY = "libc++";
				CLANG_ENABLE_MODULES = YES;
				CLANG_ENABLE_OBJC_ARC = YES;
				CLANG_ENABLE_OBJC_WEAK = YES;
				CLANG_WARN_BLOCK_CAPTURE_AUTORELEASING = YES;
				CLANG_WARN_BOOL_CONVERSION = YES;
				CLANG_WARN_COMMA = YES;
				CLANG_WARN_CONSTANT_CONVERSION = YES;
				CLANG_WARN_DEPRECATED_OBJC_IMPLEMENTATIONS = YES;
				CLANG_WARN_DIRECT_OBJC_ISA_USAGE = YES_ERROR;
				CLANG_WARN_DOCUMENTATION_COMMENTS = YES;
				CLANG_WARN_EMPTY_BODY = YES;
				CLANG_WARN_ENUM_CONVERSION = YES;
				CLANG_WARN_INFINITE_RECURSION = YES;
				CLANG_WARN_INT_CONVERSION = YES;
				CLANG_WARN_NON_LITERAL_NULL_CONVERSION = YES;
				CLANG_WARN_OBJC_IMPLICIT_RETAIN_SELF = YES;
				CLANG_WARN_OBJC_LITERAL_CONVERSION = YES;
				CLANG_WARN_OBJC_ROOT_CLASS = YES_ERROR;
				CLANG_WARN_QUOTED_INCLUDE_IN_FRAMEWORK_HEADER = YES;
				CLANG_WARN_RANGE_LOOP_ANALYSIS = YES;
				CLANG_WARN_STRICT_PROTOTYPES = YES;
				CLANG_WARN_SUSPICIOUS_MOVE = YES;
				CLANG_WARN_UNGUARDED_AVAILABILITY = YES_AGGRESSIVE;
				CLANG_WARN_UNREACHABLE_CODE = YES;
				CLANG_WARN__DUPLICATE_METHOD_MATCH = YES;
				COPY_PHASE_STRIP = NO;
				DEBUG_INFORMATION_FORMAT = dwarf;
				ENABLE_STRICT_OBJC_MSGSEND = YES;
				ENABLE_TESTABILITY = YES;
				GCC_C_LANGUAGE_STANDARD = gnu11;
				GCC_DYNAMIC_NO_PIC = NO;
				GCC_NO_COMMON_BLOCKS = YES;
				GCC_OPTIMIZATION_LEVEL = 0;
				GCC_PREPROCESSOR_DEFINITIONS = (
					"DEBUG=1",
					"$(inherited)",
				);
				GCC_WARN_64_TO_32_BIT_CONVERSION = YES;
				GCC_WARN_ABOUT_RETURN_TYPE = YES_ERROR;
				GCC_WARN_UNDECLARED_SELECTOR = YES;
				GCC_WARN_UNINITIALIZED_AUTOS = YES_AGGRESSIVE;
				GCC_WARN_UNUSED_FUNCTION = YES;
				GCC_WARN_UNUSED_VARIABLE = YES;
				IPHONEOS_DEPLOYMENT_TARGET = 15.0;
				MTL_ENABLE_DEBUG_INFO = INCLUDE_SOURCE;
				MTL_FAST_MATH = YES;
				ONLY_ACTIVE_ARCH = YES;
				SDKROOT = iphoneos;
				SWIFT_ACTIVE_COMPILATION_CONDITIONS = DEBUG;
				SWIFT_OPTIMIZATION_LEVEL = "-Onone";
			};
			name = Debug;
		};
		CF863507276DC9AF005AFB04 /* Release */ = {
			isa = XCBuildConfiguration;
			buildSettings = {
				ALWAYS_SEARCH_USER_PATHS = NO;
				CLANG_ANALYZER_NONNULL = YES;
				CLANG_ANALYZER_NUMBER_OBJECT_CONVERSION = YES_AGGRESSIVE;
				CLANG_CXX_LANGUAGE_STANDARD = "gnu++17";
				CLANG_CXX_LIBRARY = "libc++";
				CLANG_ENABLE_MODULES = YES;
				CLANG_ENABLE_OBJC_ARC = YES;
				CLANG_ENABLE_OBJC_WEAK = YES;
				CLANG_WARN_BLOCK_CAPTURE_AUTORELEASING = YES;
				CLANG_WARN_BOOL_CONVERSION = YES;
				CLANG_WARN_COMMA = YES;
				CLANG_WARN_CONSTANT_CONVERSION = YES;
				CLANG_WARN_DEPRECATED_OBJC_IMPLEMENTATIONS = YES;
				CLANG_WARN_DIRECT_OBJC_ISA_USAGE = YES_ERROR;
				CLANG_WARN_DOCUMENTATION_COMMENTS = YES;
				CLANG_WARN_EMPTY_BODY = YES;
				CLANG_WARN_ENUM_CONVERSION = YES;
				CLANG_WARN_INFINITE_RECURSION = YES;
				CLANG_WARN_INT_CONVERSION = YES;
				CLANG_WARN_NON_LITERAL_NULL_CONVERSION = YES;
				CLANG_WARN_OBJC_IMPLICIT_RETAIN_SELF = YES;
				CLANG_WARN_OBJC_LITERAL_CONVERSION = YES;
				CLANG_WARN_OBJC_ROOT_CLASS = YES_ERROR;
				CLANG_WARN_QUOTED_INCLUDE_IN_FRAMEWORK_HEADER = YES;
				CLANG_WARN_RANGE_LOOP_ANALYSIS = YES;
				CLANG_WARN_STRICT_PROTOTYPES = YES;
				CLANG_WARN_SUSPICIOUS_MOVE = YES;
				CLANG_WARN_UNGUARDED_AVAILABILITY = YES_AGGRESSIVE;
				CLANG_WARN_UNREACHABLE_CODE = YES;
				CLANG_WARN__DUPLICATE_METHOD_MATCH = YES;
				COPY_PHASE_STRIP = NO;
				DEBUG_INFORMATION_FORMAT = "dwarf-with-dsym";
				ENABLE_NS_ASSERTIONS = NO;
				ENABLE_STRICT_OBJC_MSGSEND = YES;
				GCC_C_LANGUAGE_STANDARD = gnu11;
				GCC_NO_COMMON_BLOCKS = YES;
				GCC_WARN_64_TO_32_BIT_CONVERSION = YES;
				GCC_WARN_ABOUT_RETURN_TYPE = YES_ERROR;
				GCC_WARN_UNDECLARED_SELECTOR = YES;
				GCC_WARN_UNINITIALIZED_AUTOS = YES_AGGRESSIVE;
				GCC_WARN_UNUSED_FUNCTION = YES;
				GCC_WARN_UNUSED_VARIABLE = YES;
				IPHONEOS_DEPLOYMENT_TARGET = 15.0;
				MTL_ENABLE_DEBUG_INFO = NO;
				MTL_FAST_MATH = YES;
				SDKROOT = iphoneos;
				SWIFT_COMPILATION_MODE = wholemodule;
				SWIFT_OPTIMIZATION_LEVEL = "-O";
				VALIDATE_PRODUCT = YES;
			};
			name = Release;
		};
		CF863509276DC9AF005AFB04 /* Debug */ = {
			isa = XCBuildConfiguration;
			buildSettings = {
				ASSETCATALOG_COMPILER_APPICON_NAME = AppIcon;
				ASSETCATALOG_COMPILER_GLOBAL_ACCENT_COLOR_NAME = AccentColor;
				CODE_SIGN_STYLE = Automatic;
				CURRENT_PROJECT_VERSION = 1;
				DEVELOPMENT_TEAM = XS2R7967QT;
				GENERATE_INFOPLIST_FILE = YES;
				INFOPLIST_FILE = "MVVM+RxSwift/Info.plist";
				INFOPLIST_KEY_UIApplicationSupportsIndirectInputEvents = YES;
				INFOPLIST_KEY_UILaunchStoryboardName = LaunchScreen;
				INFOPLIST_KEY_UISupportedInterfaceOrientations_iPad = "UIInterfaceOrientationPortrait UIInterfaceOrientationPortraitUpsideDown UIInterfaceOrientationLandscapeLeft UIInterfaceOrientationLandscapeRight";
				INFOPLIST_KEY_UISupportedInterfaceOrientations_iPhone = "UIInterfaceOrientationPortrait UIInterfaceOrientationLandscapeLeft UIInterfaceOrientationLandscapeRight";
				LD_RUNPATH_SEARCH_PATHS = (
					"$(inherited)",
					"@executable_path/Frameworks",
				);
				MARKETING_VERSION = 1.0;
				PRODUCT_BUNDLE_IDENTIFIER = "cow.iwaski.MVVM-RxSwift";
				PRODUCT_NAME = "$(TARGET_NAME)";
				SWIFT_EMIT_LOC_STRINGS = YES;
				SWIFT_VERSION = 5.0;
				TARGETED_DEVICE_FAMILY = 1;
			};
			name = Debug;
		};
		CF86350A276DC9AF005AFB04 /* Release */ = {
			isa = XCBuildConfiguration;
			buildSettings = {
				ASSETCATALOG_COMPILER_APPICON_NAME = AppIcon;
				ASSETCATALOG_COMPILER_GLOBAL_ACCENT_COLOR_NAME = AccentColor;
				CODE_SIGN_STYLE = Automatic;
				CURRENT_PROJECT_VERSION = 1;
				DEVELOPMENT_TEAM = XS2R7967QT;
				GENERATE_INFOPLIST_FILE = YES;
				INFOPLIST_FILE = "MVVM+RxSwift/Info.plist";
				INFOPLIST_KEY_UIApplicationSupportsIndirectInputEvents = YES;
				INFOPLIST_KEY_UILaunchStoryboardName = LaunchScreen;
				INFOPLIST_KEY_UISupportedInterfaceOrientations_iPad = "UIInterfaceOrientationPortrait UIInterfaceOrientationPortraitUpsideDown UIInterfaceOrientationLandscapeLeft UIInterfaceOrientationLandscapeRight";
				INFOPLIST_KEY_UISupportedInterfaceOrientations_iPhone = "UIInterfaceOrientationPortrait UIInterfaceOrientationLandscapeLeft UIInterfaceOrientationLandscapeRight";
				LD_RUNPATH_SEARCH_PATHS = (
					"$(inherited)",
					"@executable_path/Frameworks",
				);
				MARKETING_VERSION = 1.0;
				PRODUCT_BUNDLE_IDENTIFIER = "cow.iwaski.MVVM-RxSwift";
				PRODUCT_NAME = "$(TARGET_NAME)";
				SWIFT_EMIT_LOC_STRINGS = YES;
				SWIFT_VERSION = 5.0;
				TARGETED_DEVICE_FAMILY = 1;
			};
			name = Release;
		};
/* End XCBuildConfiguration section */

/* Begin XCConfigurationList section */
		CF8634EF276DC9AD005AFB04 /* Build configuration list for PBXProject "MVVM+RxSwift" */ = {
			isa = XCConfigurationList;
			buildConfigurations = (
				CF863506276DC9AF005AFB04 /* Debug */,
				CF863507276DC9AF005AFB04 /* Release */,
			);
			defaultConfigurationIsVisible = 0;
			defaultConfigurationName = Release;
		};
		CF863508276DC9AF005AFB04 /* Build configuration list for PBXNativeTarget "MVVM+RxSwift" */ = {
			isa = XCConfigurationList;
			buildConfigurations = (
				CF863509276DC9AF005AFB04 /* Debug */,
				CF86350A276DC9AF005AFB04 /* Release */,
			);
			defaultConfigurationIsVisible = 0;
			defaultConfigurationName = Release;
		};
/* End XCConfigurationList section */

/* Begin XCRemoteSwiftPackageReference section */
		CF2AEE2A2799095A00653669 /* XCRemoteSwiftPackageReference "PKHUD" */ = {
			isa = XCRemoteSwiftPackageReference;
			repositoryURL = "https://github.com/pkluz/PKHUD";
			requirement = {
				kind = upToNextMajorVersion;
				minimumVersion = 5.0.0;
			};
		};
		CF863514276F8136005AFB04 /* XCRemoteSwiftPackageReference "RxSwift" */ = {
			isa = XCRemoteSwiftPackageReference;
			repositoryURL = "https://github.com/ReactiveX/RxSwift";
			requirement = {
				branch = main;
				kind = branch;
			};
		};
		CFBA7824278716CD00E1687E /* XCRemoteSwiftPackageReference "firebase-ios-sdk" */ = {
			isa = XCRemoteSwiftPackageReference;
			repositoryURL = "https://github.com/firebase/firebase-ios-sdk.git";
			requirement = {
				kind = exactVersion;
				version = 8.9.1;
			};
		};
/* End XCRemoteSwiftPackageReference section */

/* Begin XCSwiftPackageProductDependency section */
		CF2AEE2B2799095B00653669 /* PKHUD */ = {
			isa = XCSwiftPackageProductDependency;
			package = CF2AEE2A2799095A00653669 /* XCRemoteSwiftPackageReference "PKHUD" */;
			productName = PKHUD;
		};
		CF863515276F8136005AFB04 /* RxCocoa */ = {
			isa = XCSwiftPackageProductDependency;
			package = CF863514276F8136005AFB04 /* XCRemoteSwiftPackageReference "RxSwift" */;
			productName = RxCocoa;
		};
		CF863517276F8136005AFB04 /* RxRelay */ = {
			isa = XCSwiftPackageProductDependency;
			package = CF863514276F8136005AFB04 /* XCRemoteSwiftPackageReference "RxSwift" */;
			productName = RxRelay;
		};
		CF863519276F8136005AFB04 /* RxSwift */ = {
			isa = XCSwiftPackageProductDependency;
			package = CF863514276F8136005AFB04 /* XCRemoteSwiftPackageReference "RxSwift" */;
			productName = RxSwift;
		};
		CFBA7825278716CD00E1687E /* FirebaseAnalytics */ = {
			isa = XCSwiftPackageProductDependency;
			package = CFBA7824278716CD00E1687E /* XCRemoteSwiftPackageReference "firebase-ios-sdk" */;
			productName = FirebaseAnalytics;
		};
		CFBA7827278716CD00E1687E /* FirebaseAuth */ = {
			isa = XCSwiftPackageProductDependency;
			package = CFBA7824278716CD00E1687E /* XCRemoteSwiftPackageReference "firebase-ios-sdk" */;
			productName = FirebaseAuth;
		};
		CFBA7829278716CD00E1687E /* FirebaseFirestore */ = {
			isa = XCSwiftPackageProductDependency;
			package = CFBA7824278716CD00E1687E /* XCRemoteSwiftPackageReference "firebase-ios-sdk" */;
			productName = FirebaseFirestore;
		};
		CFBA782B278716CD00E1687E /* FirebaseStorage */ = {
			isa = XCSwiftPackageProductDependency;
			package = CFBA7824278716CD00E1687E /* XCRemoteSwiftPackageReference "firebase-ios-sdk" */;
			productName = FirebaseStorage;
		};
/* End XCSwiftPackageProductDependency section */
	};
	rootObject = CF8634EC276DC9AD005AFB04 /* Project object */;
}
